
Microsoft Visual Studio Solution File, Format Version 12.00
# Visual Studio Version 17
VisualStudioVersion = 17.14.36518.9 d17.14
MinimumVisualStudioVersion = 10.0.40219.1
Project("{FAE04EC0-301F-11D3-BF4B-00C04F79EFBC}") = "NetrunnerGUI", "NetrunnerGUI\NetrunnerGUI.csproj", "{E633D329-BBE5-452F-96CB-D8BAE085375D}"
EndProject
Global
	GlobalSection(SolutionConfigurationPlatforms) = preSolution
		Debug|Any CPU = Debug|Any CPU
		Release|Any CPU = Release|Any CPU
	EndGlobalSection
	GlobalSection(ProjectConfigurationPlatforms) = postSolution
		{E633D329-BBE5-452F-96CB-D8BAE085375D}.Debug|Any CPU.ActiveCfg = Debug|Any CPU
		{E633D329-BBE5-452F-96CB-D8BAE085375D}.Debug|Any CPU.Build.0 = Debug|Any CPU
		{E633D329-BBE5-452F-96CB-D8BAE085375D}.Release|Any CPU.ActiveCfg = Release|Any CPU
		{E633D329-BBE5-452F-96CB-D8BAE085375D}.Release|Any CPU.Build.0 = Release|Any CPU
	EndGlobalSection
	GlobalSection(SolutionProperties) = preSolution
		HideSolutionNode = FALSE
	EndGlobalSection
	GlobalSection(ExtensibilityGlobals) = postSolution
		SolutionGuid = {6569EA75-BE64-4963-8ADC-2C0E913B16D1}
	EndGlobalSection
EndGlobal
