
Microsoft Visual Studio Solution File, Format Version 12.00
# Visual Studio Version 17
VisualStudioVersion = 17.14.36623.8 d17.14
MinimumVisualStudioVersion = 10.0.40219.1
Project("{FAE04EC0-301F-11D3-BF4B-00C04F79EFBC}") = "KonyvarGUI", "KonyvarGUI\KonyvarGUI.csproj", "{44695DBF-DA5B-4270-AC7E-35E3929A70BB}"
EndProject
Global
	GlobalSection(SolutionConfigurationPlatforms) = preSolution
		Debug|Any CPU = Debug|Any CPU
		Release|Any CPU = Release|Any CPU
	EndGlobalSection
	GlobalSection(ProjectConfigurationPlatforms) = postSolution
		{44695DBF-DA5B-4270-AC7E-35E3929A70BB}.Debug|Any CPU.ActiveCfg = Debug|Any CPU
		{44695DBF-DA5B-4270-AC7E-35E3929A70BB}.Debug|Any CPU.Build.0 = Debug|Any CPU
		{44695DBF-DA5B-4270-AC7E-35E3929A70BB}.Release|Any CPU.ActiveCfg = Release|Any CPU
		{44695DBF-DA5B-4270-AC7E-35E3929A70BB}.Release|Any CPU.Build.0 = Release|Any CPU
	EndGlobalSection
	GlobalSection(SolutionProperties) = preSolution
		HideSolutionNode = FALSE
	EndGlobalSection
	GlobalSection(ExtensibilityGlobals) = postSolution
		SolutionGuid = {C19BC4AD-FEF9-4B14-8FC5-1793B2509EDD}
	EndGlobalSection
EndGlobal
